
Microsoft Visual Studio Solution File, Format Version 12.00
# Visual Studio Version 17
VisualStudioVersion = 17.14.36414.22
MinimumVisualStudioVersion = 10.0.40219.1
Project("{FAE04EC0-301F-11D3-BF4B-00C04F79EFBC}") = "task01_printYourColor", "task01_printYourColor\task01_printYourColor.csproj", "{18BBBD2A-B1E5-48D2-B58F-5B6C8F409F4C}"
EndProject
Project("{FAE04EC0-301F-11D3-BF4B-00C04F79EFBC}") = "task02_IntegerNumbers", "task02_IntegerNumbers\task02_IntegerNumbers.csproj", "{33FA0570-64F7-454A-A614-0D840896AF69}"
EndProject
Project("{FAE04EC0-301F-11D3-BF4B-00C04F79EFBC}") = "task03_FloatingNumbers", "task03_FloatingNumbers\task03_FloatingNumbers.csproj", "{B99F6DCC-61AC-4748-AF14-B6ED928B845B}"
EndProject
Project("{FAE04EC0-301F-11D3-BF4B-00C04F79EFBC}") = "task04_Characters", "task04_Characters\task04_Characters.csproj", "{C90A90C3-7395-42B2-B574-92F5D907D525}"
EndProject
Project("{FAE04EC0-301F-11D3-BF4B-00C04F79EFBC}") = "task05_Average", "task05_Average\task05_Average.csproj", "{D1E9F701-2E38-442C-93F9-B7FC0D9ED10B}"
EndProject
Project("{FAE04EC0-301F-11D3-BF4B-00C04F79EFBC}") = "task06_Trapezoid", "task06_Trapezoid\task06_Trapezoid.csproj", "{0E30E03E-F567-4BE2-8111-C47C70FE26D8}"
EndProject
Project("{FAE04EC0-301F-11D3-BF4B-00C04F79EFBC}") = "task07_LastDigit", "task07_LastDigit\task07_LastDigit.csproj", "{37D78038-714A-4C33-81C7-D9C82D14EF60}"
EndProject
Project("{FAE04EC0-301F-11D3-BF4B-00C04F79EFBC}") = "task08_NthDigit", "task08_NthDigit\task08_NthDigit.csproj", "{A941CA1A-155A-4BB2-B868-E09DFD14344F}"
EndProject
Project("{FAE04EC0-301F-11D3-BF4B-00C04F79EFBC}") = "task09_BigAndOdd", "task09_BigAndOdd\task09_BigAndOdd.csproj", "{376C08B7-49AA-4E1B-BC3D-E3DC6A09254A}"
EndProject
Project("{FAE04EC0-301F-11D3-BF4B-00C04F79EFBC}") = "task10_PureDivisor", "task09_PureDivisor\task10_PureDivisor.csproj", "{26E004F0-9ED3-4810-B755-FEB5037ABF47}"
EndProject
Project("{FAE04EC0-301F-11D3-BF4B-00C04F79EFBC}") = "task11_BiggestOfThree", "task11_BiggestOfThree\task11_BiggestOfThree.csproj", "{54A99057-80B8-4E06-82D6-2AC6736AA0B7}"
EndProject
Project("{FAE04EC0-301F-11D3-BF4B-00C04F79EFBC}") = "task12_SignOfProduct", "task12_SignOfProduct\task12_SignOfProduct.csproj", "{6789F434-9E58-4190-B20F-A9237BBAE18E}"
EndProject
Project("{FAE04EC0-301F-11D3-BF4B-00C04F79EFBC}") = "task13_DayOfWeek", "task13_DayOfWeek\task13_DayOfWeek.csproj", "{A300BC9B-9AD7-4506-AD51-72F6A4E4AB74}"
EndProject
Project("{FAE04EC0-301F-11D3-BF4B-00C04F79EFBC}") = "task14_Loop", "task14_Loop\task14_Loop.csproj", "{81B85432-8884-47B8-9400-645749B1A088}"
EndProject
Global
	GlobalSection(SolutionConfigurationPlatforms) = preSolution
		Debug|Any CPU = Debug|Any CPU
		Release|Any CPU = Release|Any CPU
	EndGlobalSection
	GlobalSection(ProjectConfigurationPlatforms) = postSolution
		{18BBBD2A-B1E5-48D2-B58F-5B6C8F409F4C}.Debug|Any CPU.ActiveCfg = Debug|Any CPU
		{18BBBD2A-B1E5-48D2-B58F-5B6C8F409F4C}.Debug|Any CPU.Build.0 = Debug|Any CPU
		{18BBBD2A-B1E5-48D2-B58F-5B6C8F409F4C}.Release|Any CPU.ActiveCfg = Release|Any CPU
		{18BBBD2A-B1E5-48D2-B58F-5B6C8F409F4C}.Release|Any CPU.Build.0 = Release|Any CPU
		{33FA0570-64F7-454A-A614-0D840896AF69}.Debug|Any CPU.ActiveCfg = Debug|Any CPU
		{33FA0570-64F7-454A-A614-0D840896AF69}.Debug|Any CPU.Build.0 = Debug|Any CPU
		{33FA0570-64F7-454A-A614-0D840896AF69}.Release|Any CPU.ActiveCfg = Release|Any CPU
		{33FA0570-64F7-454A-A614-0D840896AF69}.Release|Any CPU.Build.0 = Release|Any CPU
		{B99F6DCC-61AC-4748-AF14-B6ED928B845B}.Debug|Any CPU.ActiveCfg = Debug|Any CPU
		{B99F6DCC-61AC-4748-AF14-B6ED928B845B}.Debug|Any CPU.Build.0 = Debug|Any CPU
		{B99F6DCC-61AC-4748-AF14-B6ED928B845B}.Release|Any CPU.ActiveCfg = Release|Any CPU
		{B99F6DCC-61AC-4748-AF14-B6ED928B845B}.Release|Any CPU.Build.0 = Release|Any CPU
		{C90A90C3-7395-42B2-B574-92F5D907D525}.Debug|Any CPU.ActiveCfg = Debug|Any CPU
		{C90A90C3-7395-42B2-B574-92F5D907D525}.Debug|Any CPU.Build.0 = Debug|Any CPU
		{C90A90C3-7395-42B2-B574-92F5D907D525}.Release|Any CPU.ActiveCfg = Release|Any CPU
		{C90A90C3-7395-42B2-B574-92F5D907D525}.Release|Any CPU.Build.0 = Release|Any CPU
		{D1E9F701-2E38-442C-93F9-B7FC0D9ED10B}.Debug|Any CPU.ActiveCfg = Debug|Any CPU
		{D1E9F701-2E38-442C-93F9-B7FC0D9ED10B}.Debug|Any CPU.Build.0 = Debug|Any CPU
		{D1E9F701-2E38-442C-93F9-B7FC0D9ED10B}.Release|Any CPU.ActiveCfg = Release|Any CPU
		{D1E9F701-2E38-442C-93F9-B7FC0D9ED10B}.Release|Any CPU.Build.0 = Release|Any CPU
		{0E30E03E-F567-4BE2-8111-C47C70FE26D8}.Debug|Any CPU.ActiveCfg = Debug|Any CPU
		{0E30E03E-F567-4BE2-8111-C47C70FE26D8}.Debug|Any CPU.Build.0 = Debug|Any CPU
		{0E30E03E-F567-4BE2-8111-C47C70FE26D8}.Release|Any CPU.ActiveCfg = Release|Any CPU
		{0E30E03E-F567-4BE2-8111-C47C70FE26D8}.Release|Any CPU.Build.0 = Release|Any CPU
		{37D78038-714A-4C33-81C7-D9C82D14EF60}.Debug|Any CPU.ActiveCfg = Debug|Any CPU
		{37D78038-714A-4C33-81C7-D9C82D14EF60}.Debug|Any CPU.Build.0 = Debug|Any CPU
		{37D78038-714A-4C33-81C7-D9C82D14EF60}.Release|Any CPU.ActiveCfg = Release|Any CPU
		{37D78038-714A-4C33-81C7-D9C82D14EF60}.Release|Any CPU.Build.0 = Release|Any CPU
		{A941CA1A-155A-4BB2-B868-E09DFD14344F}.Debug|Any CPU.ActiveCfg = Debug|Any CPU
		{A941CA1A-155A-4BB2-B868-E09DFD14344F}.Debug|Any CPU.Build.0 = Debug|Any CPU
		{A941CA1A-155A-4BB2-B868-E09DFD14344F}.Release|Any CPU.ActiveCfg = Release|Any CPU
		{A941CA1A-155A-4BB2-B868-E09DFD14344F}.Release|Any CPU.Build.0 = Release|Any CPU
		{376C08B7-49AA-4E1B-BC3D-E3DC6A09254A}.Debug|Any CPU.ActiveCfg = Debug|Any CPU
		{376C08B7-49AA-4E1B-BC3D-E3DC6A09254A}.Debug|Any CPU.Build.0 = Debug|Any CPU
		{376C08B7-49AA-4E1B-BC3D-E3DC6A09254A}.Release|Any CPU.ActiveCfg = Release|Any CPU
		{376C08B7-49AA-4E1B-BC3D-E3DC6A09254A}.Release|Any CPU.Build.0 = Release|Any CPU
		{26E004F0-9ED3-4810-B755-FEB5037ABF47}.Debug|Any CPU.ActiveCfg = Debug|Any CPU
		{26E004F0-9ED3-4810-B755-FEB5037ABF47}.Debug|Any CPU.Build.0 = Debug|Any CPU
		{26E004F0-9ED3-4810-B755-FEB5037ABF47}.Release|Any CPU.ActiveCfg = Release|Any CPU
		{26E004F0-9ED3-4810-B755-FEB5037ABF47}.Release|Any CPU.Build.0 = Release|Any CPU
		{54A99057-80B8-4E06-82D6-2AC6736AA0B7}.Debug|Any CPU.ActiveCfg = Debug|Any CPU
		{54A99057-80B8-4E06-82D6-2AC6736AA0B7}.Debug|Any CPU.Build.0 = Debug|Any CPU
		{54A99057-80B8-4E06-82D6-2AC6736AA0B7}.Release|Any CPU.ActiveCfg = Release|Any CPU
		{54A99057-80B8-4E06-82D6-2AC6736AA0B7}.Release|Any CPU.Build.0 = Release|Any CPU
		{6789F434-9E58-4190-B20F-A9237BBAE18E}.Debug|Any CPU.ActiveCfg = Debug|Any CPU
		{6789F434-9E58-4190-B20F-A9237BBAE18E}.Debug|Any CPU.Build.0 = Debug|Any CPU
		{6789F434-9E58-4190-B20F-A9237BBAE18E}.Release|Any CPU.ActiveCfg = Release|Any CPU
		{6789F434-9E58-4190-B20F-A9237BBAE18E}.Release|Any CPU.Build.0 = Release|Any CPU
		{A300BC9B-9AD7-4506-AD51-72F6A4E4AB74}.Debug|Any CPU.ActiveCfg = Debug|Any CPU
		{A300BC9B-9AD7-4506-AD51-72F6A4E4AB74}.Debug|Any CPU.Build.0 = Debug|Any CPU
		{A300BC9B-9AD7-4506-AD51-72F6A4E4AB74}.Release|Any CPU.ActiveCfg = Release|Any CPU
		{A300BC9B-9AD7-4506-AD51-72F6A4E4AB74}.Release|Any CPU.Build.0 = Release|Any CPU
		{81B85432-8884-47B8-9400-645749B1A088}.Debug|Any CPU.ActiveCfg = Debug|Any CPU
		{81B85432-8884-47B8-9400-645749B1A088}.Debug|Any CPU.Build.0 = Debug|Any CPU
		{81B85432-8884-47B8-9400-645749B1A088}.Release|Any CPU.ActiveCfg = Release|Any CPU
		{81B85432-8884-47B8-9400-645749B1A088}.Release|Any CPU.Build.0 = Release|Any CPU
	EndGlobalSection
	GlobalSection(SolutionProperties) = preSolution
		HideSolutionNode = FALSE
	EndGlobalSection
	GlobalSection(ExtensibilityGlobals) = postSolution
		SolutionGuid = {93B17DAA-6834-480C-BD37-FCAB842B5EF1}
	EndGlobalSection
EndGlobal
